
Microsoft Visual Studio Solution File, Format Version 12.00
# Visual Studio Version 17
VisualStudioVersion = 17.14.36603.0 d17.14
MinimumVisualStudioVersion = 10.0.40219.1
Project("{FAE04EC0-301F-11D3-BF4B-00C04F79EFBC}") = "Abstracciones", "Abstracciones\Abstracciones.csproj", "{42B9070F-514C-419C-82BF-CA361888377F}"
EndProject
Project("{FAE04EC0-301F-11D3-BF4B-00C04F79EFBC}") = "Reglas", "Reglas\Reglas.csproj", "{C0499DCD-C55B-48E7-9DC2-E1D4939931A8}"
EndProject
Project("{FAE04EC0-301F-11D3-BF4B-00C04F79EFBC}") = "WEB", "WEB\WEB.csproj", "{16E4CAB2-8020-43F6-BA7A-0FF122EDFD0A}"
EndProject
Global
	GlobalSection(SolutionConfigurationPlatforms) = preSolution
		Debug|Any CPU = Debug|Any CPU
		Release|Any CPU = Release|Any CPU
	EndGlobalSection
	GlobalSection(ProjectConfigurationPlatforms) = postSolution
		{42B9070F-514C-419C-82BF-CA361888377F}.Debug|Any CPU.ActiveCfg = Debug|Any CPU
		{42B9070F-514C-419C-82BF-CA361888377F}.Debug|Any CPU.Build.0 = Debug|Any CPU
		{42B9070F-514C-419C-82BF-CA361888377F}.Release|Any CPU.ActiveCfg = Release|Any CPU
		{42B9070F-514C-419C-82BF-CA361888377F}.Release|Any CPU.Build.0 = Release|Any CPU
		{C0499DCD-C55B-48E7-9DC2-E1D4939931A8}.Debug|Any CPU.ActiveCfg = Debug|Any CPU
		{C0499DCD-C55B-48E7-9DC2-E1D4939931A8}.Debug|Any CPU.Build.0 = Debug|Any CPU
		{C0499DCD-C55B-48E7-9DC2-E1D4939931A8}.Release|Any CPU.ActiveCfg = Release|Any CPU
		{C0499DCD-C55B-48E7-9DC2-E1D4939931A8}.Release|Any CPU.Build.0 = Release|Any CPU
		{16E4CAB2-8020-43F6-BA7A-0FF122EDFD0A}.Debug|Any CPU.ActiveCfg = Debug|Any CPU
		{16E4CAB2-8020-43F6-BA7A-0FF122EDFD0A}.Debug|Any CPU.Build.0 = Debug|Any CPU
		{16E4CAB2-8020-43F6-BA7A-0FF122EDFD0A}.Release|Any CPU.ActiveCfg = Release|Any CPU
		{16E4CAB2-8020-43F6-BA7A-0FF122EDFD0A}.Release|Any CPU.Build.0 = Release|Any CPU
	EndGlobalSection
	GlobalSection(SolutionProperties) = preSolution
		HideSolutionNode = FALSE
	EndGlobalSection
	GlobalSection(ExtensibilityGlobals) = postSolution
		SolutionGuid = {B04405B8-48A0-4553-8622-D816E785263E}
	EndGlobalSection
EndGlobal
